
Microsoft Visual Studio Solution File, Format Version 12.00
Project("{2150E333-8FDC-42A3-9474-1A3956D46DE8}") = "Core", "Core", "{CE9DBBA1-DC7F-46AC-8606-DE055C064864}"
EndProject
Project("{FAE04EC0-301F-11D3-BF4B-00C04F79EFBC}") = "Core.MongoDb", "Core\Core.MongoDb\Core.MongoDb.csproj", "{0F19B7B9-F81D-4240-9740-2E0BCB03A124}"
EndProject
Project("{FAE04EC0-301F-11D3-BF4B-00C04F79EFBC}") = "Core.Settings", "Core\Core.Settings\Core.Settings.csproj", "{B5D3508C-211B-4549-B079-90EDDC83D4D2}"
EndProject
Project("{FAE04EC0-301F-11D3-BF4B-00C04F79EFBC}") = "Core.SqlDb", "Core\Core.SqlDb\Core.SqlDb.csproj", "{6C0F3B55-0A27-40B4-8184-EDA6EF19A113}"
EndProject
Project("{2150E333-8FDC-42A3-9474-1A3956D46DE8}") = ".docker", ".docker", "{09C08F90-5D97-4ADA-AFD5-BE38F27145E9}"
EndProject
Project("{2150E333-8FDC-42A3-9474-1A3956D46DE8}") = "elastic", "elastic", "{99DCCC5F-8E79-4573-81B3-92AFC23BDB6E}"
	ProjectSection(SolutionItems) = preProject
		.docker\elastic\docker-compose.yml = .docker\elastic\docker-compose.yml
	EndProjectSection
EndProject
Project("{2150E333-8FDC-42A3-9474-1A3956D46DE8}") = "mongo", "mongo", "{96624377-5D89-4BB7-81D4-8AFFEC806AC2}"
	ProjectSection(SolutionItems) = preProject
		.docker\mongo\docker-compose.yml = .docker\mongo\docker-compose.yml
	EndProjectSection
EndProject
Project("{2150E333-8FDC-42A3-9474-1A3956D46DE8}") = "rabbitmq", "rabbitmq", "{3B1ACAF2-2316-4AD5-9344-8EEAD5C1B24E}"
	ProjectSection(SolutionItems) = preProject
		.docker\rabbitmq\docker-compose.yml = .docker\rabbitmq\docker-compose.yml
	EndProjectSection
EndProject
Project("{2150E333-8FDC-42A3-9474-1A3956D46DE8}") = "seq", "seq", "{16DDB48F-48B1-4E52-98F9-314D7244F44F}"
	ProjectSection(SolutionItems) = preProject
		.docker\seq\docker-compose.yml = .docker\seq\docker-compose.yml
	EndProjectSection
EndProject
Project("{FAE04EC0-301F-11D3-BF4B-00C04F79EFBC}") = "Core.Elastic", "Core\Core.Elastic\Core.Elastic.csproj", "{4532AF4E-9A1C-42D4-A7B5-25206B4DDC78}"
EndProject
Project("{FAE04EC0-301F-11D3-BF4B-00C04F79EFBC}") = "Core.Logging", "Core\Core.Logging\Core.Logging.csproj", "{B5160C15-C367-475A-94B5-E531895B2A28}"
EndProject
Project("{2150E333-8FDC-42A3-9474-1A3956D46DE8}") = "Recipes.Indexer", "Recipes.Indexer", "{4BEDA568-4EEA-4C92-9A89-32894FF4374A}"
EndProject
Project("{FAE04EC0-301F-11D3-BF4B-00C04F79EFBC}") = "Recipes.Indexer.Shared", "Recipes.Indexer\Recipes.Indexer.Shared\Recipes.Indexer.Shared.csproj", "{082E15B3-EE16-4ED5-8A76-7AF49F357A14}"
EndProject
Project("{2150E333-8FDC-42A3-9474-1A3956D46DE8}") = "Recipes.Search", "Recipes.Search", "{D89F625F-1C89-456D-ACCF-D3E0EC5DA667}"
EndProject
Project("{FAE04EC0-301F-11D3-BF4B-00C04F79EFBC}") = "Recipes.Search.Api", "Recipes.Search\Recipes.Search.Api\Recipes.Search.Api.csproj", "{D900C87D-818D-492A-A7FF-CE37D086F018}"
EndProject
Project("{2150E333-8FDC-42A3-9474-1A3956D46DE8}") = "Recipes.API", "Recipes.API", "{65E625EC-7AB4-4F8C-B67C-89019B10F392}"
EndProject
Project("{FAE04EC0-301F-11D3-BF4B-00C04F79EFBC}") = "Recipes.API.App", "Recipes.API\Recipes.API.App\Recipes.API.App.csproj", "{CC525CDB-459B-48B6-B542-B2A096A8CFC5}"
EndProject
Project("{FAE04EC0-301F-11D3-BF4B-00C04F79EFBC}") = "Recipes.API.Models", "Recipes.API\Recipes.API.Models\Recipes.API.Models.csproj", "{27616805-6A61-4EB1-9737-D3CB354EC865}"
EndProject
Project("{FAE04EC0-301F-11D3-BF4B-00C04F79EFBC}") = "Recipes.API.Models.Shared", "Recipes.API\Recipes.API.Models.Shared\Recipes.API.Models.Shared.csproj", "{E8A43CE8-0B78-41DD-8BF6-A23DF98AA057}"
EndProject
Project("{FAE04EC0-301F-11D3-BF4B-00C04F79EFBC}") = "Core.Utilities", "Core\Core.Utilities\Core.Utilities.csproj", "{CC402965-D020-47A4-9639-FCDA0FC1A5FC}"
EndProject
Project("{2150E333-8FDC-42A3-9474-1A3956D46DE8}") = "Core.MessageBus", "Core.MessageBus", "{F29BDEA9-6AF0-4ABD-96B4-40CA35B7B9F4}"
EndProject
Project("{FAE04EC0-301F-11D3-BF4B-00C04F79EFBC}") = "Core.MessageBus.Public", "Core\Core.MessageQueue\Core.MessageBus.Public\Core.MessageBus.Public.csproj", "{1E86EBDE-5E44-4402-BD70-69FE08323716}"
EndProject
Project("{FAE04EC0-301F-11D3-BF4B-00C04F79EFBC}") = "Core.MessageBus.RabbitMq", "Core\Core.MessageQueue\Core.MessageBus.RabbitMq\Core.MessageBus.RabbitMq.csproj", "{4068398D-150C-4190-960D-B06C29E84741}"
EndProject
Project("{FAE04EC0-301F-11D3-BF4B-00C04F79EFBC}") = "Recipes.Indexer.Service", "Recipes.Indexer\Recipes.Indexer.Service\Recipes.Indexer.Service.csproj", "{403A47B4-355D-40B0-892F-E87AB4077537}"
EndProject
Project("{FAE04EC0-301F-11D3-BF4B-00C04F79EFBC}") = "Core.Models", "Core\Core.Models\Core.Models.csproj", "{2119C2C1-9094-4BEB-B59B-FF743FEBEE59}"
EndProject
Project("{FAE04EC0-301F-11D3-BF4B-00C04F79EFBC}") = "Recipe.Search.Shared", "Recipes.Search\Recipe.Search.Shared\Recipe.Search.Shared.csproj", "{CED34033-8E08-4336-BCCA-2B8D070BBC65}"
EndProject
Project("{2150E333-8FDC-42A3-9474-1A3956D46DE8}") = "sql", "sql", "{83ECDB8E-1A73-46B8-998F-8493FEE16305}"
EndProject
Project("{2150E333-8FDC-42A3-9474-1A3956D46DE8}") = "metabase", "metabase", "{136CF6C1-B681-417C-8FE0-4F06831EDBD5}"
EndProject
Global
	GlobalSection(SolutionConfigurationPlatforms) = preSolution
		Debug|Any CPU = Debug|Any CPU
		Release|Any CPU = Release|Any CPU
	EndGlobalSection
	GlobalSection(ProjectConfigurationPlatforms) = postSolution
		{0F19B7B9-F81D-4240-9740-2E0BCB03A124}.Debug|Any CPU.ActiveCfg = Debug|Any CPU
		{0F19B7B9-F81D-4240-9740-2E0BCB03A124}.Debug|Any CPU.Build.0 = Debug|Any CPU
		{0F19B7B9-F81D-4240-9740-2E0BCB03A124}.Release|Any CPU.ActiveCfg = Release|Any CPU
		{0F19B7B9-F81D-4240-9740-2E0BCB03A124}.Release|Any CPU.Build.0 = Release|Any CPU
		{B5D3508C-211B-4549-B079-90EDDC83D4D2}.Debug|Any CPU.ActiveCfg = Debug|Any CPU
		{B5D3508C-211B-4549-B079-90EDDC83D4D2}.Debug|Any CPU.Build.0 = Debug|Any CPU
		{B5D3508C-211B-4549-B079-90EDDC83D4D2}.Release|Any CPU.ActiveCfg = Release|Any CPU
		{B5D3508C-211B-4549-B079-90EDDC83D4D2}.Release|Any CPU.Build.0 = Release|Any CPU
		{6C0F3B55-0A27-40B4-8184-EDA6EF19A113}.Debug|Any CPU.ActiveCfg = Debug|Any CPU
		{6C0F3B55-0A27-40B4-8184-EDA6EF19A113}.Debug|Any CPU.Build.0 = Debug|Any CPU
		{6C0F3B55-0A27-40B4-8184-EDA6EF19A113}.Release|Any CPU.ActiveCfg = Release|Any CPU
		{6C0F3B55-0A27-40B4-8184-EDA6EF19A113}.Release|Any CPU.Build.0 = Release|Any CPU
		{4532AF4E-9A1C-42D4-A7B5-25206B4DDC78}.Debug|Any CPU.ActiveCfg = Debug|Any CPU
		{4532AF4E-9A1C-42D4-A7B5-25206B4DDC78}.Debug|Any CPU.Build.0 = Debug|Any CPU
		{4532AF4E-9A1C-42D4-A7B5-25206B4DDC78}.Release|Any CPU.ActiveCfg = Release|Any CPU
		{4532AF4E-9A1C-42D4-A7B5-25206B4DDC78}.Release|Any CPU.Build.0 = Release|Any CPU
		{B5160C15-C367-475A-94B5-E531895B2A28}.Debug|Any CPU.ActiveCfg = Debug|Any CPU
		{B5160C15-C367-475A-94B5-E531895B2A28}.Debug|Any CPU.Build.0 = Debug|Any CPU
		{B5160C15-C367-475A-94B5-E531895B2A28}.Release|Any CPU.ActiveCfg = Release|Any CPU
		{B5160C15-C367-475A-94B5-E531895B2A28}.Release|Any CPU.Build.0 = Release|Any CPU
		{082E15B3-EE16-4ED5-8A76-7AF49F357A14}.Debug|Any CPU.ActiveCfg = Debug|Any CPU
		{082E15B3-EE16-4ED5-8A76-7AF49F357A14}.Debug|Any CPU.Build.0 = Debug|Any CPU
		{082E15B3-EE16-4ED5-8A76-7AF49F357A14}.Release|Any CPU.ActiveCfg = Release|Any CPU
		{082E15B3-EE16-4ED5-8A76-7AF49F357A14}.Release|Any CPU.Build.0 = Release|Any CPU
		{D900C87D-818D-492A-A7FF-CE37D086F018}.Debug|Any CPU.ActiveCfg = Debug|Any CPU
		{D900C87D-818D-492A-A7FF-CE37D086F018}.Debug|Any CPU.Build.0 = Debug|Any CPU
		{D900C87D-818D-492A-A7FF-CE37D086F018}.Release|Any CPU.ActiveCfg = Release|Any CPU
		{D900C87D-818D-492A-A7FF-CE37D086F018}.Release|Any CPU.Build.0 = Release|Any CPU
		{CC525CDB-459B-48B6-B542-B2A096A8CFC5}.Debug|Any CPU.ActiveCfg = Debug|Any CPU
		{CC525CDB-459B-48B6-B542-B2A096A8CFC5}.Debug|Any CPU.Build.0 = Debug|Any CPU
		{CC525CDB-459B-48B6-B542-B2A096A8CFC5}.Release|Any CPU.ActiveCfg = Release|Any CPU
		{CC525CDB-459B-48B6-B542-B2A096A8CFC5}.Release|Any CPU.Build.0 = Release|Any CPU
		{27616805-6A61-4EB1-9737-D3CB354EC865}.Debug|Any CPU.ActiveCfg = Debug|Any CPU
		{27616805-6A61-4EB1-9737-D3CB354EC865}.Debug|Any CPU.Build.0 = Debug|Any CPU
		{27616805-6A61-4EB1-9737-D3CB354EC865}.Release|Any CPU.ActiveCfg = Release|Any CPU
		{27616805-6A61-4EB1-9737-D3CB354EC865}.Release|Any CPU.Build.0 = Release|Any CPU
		{E8A43CE8-0B78-41DD-8BF6-A23DF98AA057}.Debug|Any CPU.ActiveCfg = Debug|Any CPU
		{E8A43CE8-0B78-41DD-8BF6-A23DF98AA057}.Debug|Any CPU.Build.0 = Debug|Any CPU
		{E8A43CE8-0B78-41DD-8BF6-A23DF98AA057}.Release|Any CPU.ActiveCfg = Release|Any CPU
		{E8A43CE8-0B78-41DD-8BF6-A23DF98AA057}.Release|Any CPU.Build.0 = Release|Any CPU
		{CC402965-D020-47A4-9639-FCDA0FC1A5FC}.Debug|Any CPU.ActiveCfg = Debug|Any CPU
		{CC402965-D020-47A4-9639-FCDA0FC1A5FC}.Debug|Any CPU.Build.0 = Debug|Any CPU
		{CC402965-D020-47A4-9639-FCDA0FC1A5FC}.Release|Any CPU.ActiveCfg = Release|Any CPU
		{CC402965-D020-47A4-9639-FCDA0FC1A5FC}.Release|Any CPU.Build.0 = Release|Any CPU
		{1E86EBDE-5E44-4402-BD70-69FE08323716}.Debug|Any CPU.ActiveCfg = Debug|Any CPU
		{1E86EBDE-5E44-4402-BD70-69FE08323716}.Debug|Any CPU.Build.0 = Debug|Any CPU
		{1E86EBDE-5E44-4402-BD70-69FE08323716}.Release|Any CPU.ActiveCfg = Release|Any CPU
		{1E86EBDE-5E44-4402-BD70-69FE08323716}.Release|Any CPU.Build.0 = Release|Any CPU
		{4068398D-150C-4190-960D-B06C29E84741}.Debug|Any CPU.ActiveCfg = Debug|Any CPU
		{4068398D-150C-4190-960D-B06C29E84741}.Debug|Any CPU.Build.0 = Debug|Any CPU
		{4068398D-150C-4190-960D-B06C29E84741}.Release|Any CPU.ActiveCfg = Release|Any CPU
		{4068398D-150C-4190-960D-B06C29E84741}.Release|Any CPU.Build.0 = Release|Any CPU
		{403A47B4-355D-40B0-892F-E87AB4077537}.Debug|Any CPU.ActiveCfg = Debug|Any CPU
		{403A47B4-355D-40B0-892F-E87AB4077537}.Debug|Any CPU.Build.0 = Debug|Any CPU
		{403A47B4-355D-40B0-892F-E87AB4077537}.Release|Any CPU.ActiveCfg = Release|Any CPU
		{403A47B4-355D-40B0-892F-E87AB4077537}.Release|Any CPU.Build.0 = Release|Any CPU
		{2119C2C1-9094-4BEB-B59B-FF743FEBEE59}.Debug|Any CPU.ActiveCfg = Debug|Any CPU
		{2119C2C1-9094-4BEB-B59B-FF743FEBEE59}.Debug|Any CPU.Build.0 = Debug|Any CPU
		{2119C2C1-9094-4BEB-B59B-FF743FEBEE59}.Release|Any CPU.ActiveCfg = Release|Any CPU
		{2119C2C1-9094-4BEB-B59B-FF743FEBEE59}.Release|Any CPU.Build.0 = Release|Any CPU
		{CED34033-8E08-4336-BCCA-2B8D070BBC65}.Debug|Any CPU.ActiveCfg = Debug|Any CPU
		{CED34033-8E08-4336-BCCA-2B8D070BBC65}.Debug|Any CPU.Build.0 = Debug|Any CPU
		{CED34033-8E08-4336-BCCA-2B8D070BBC65}.Release|Any CPU.ActiveCfg = Release|Any CPU
		{CED34033-8E08-4336-BCCA-2B8D070BBC65}.Release|Any CPU.Build.0 = Release|Any CPU
	EndGlobalSection
	GlobalSection(NestedProjects) = preSolution
		{0F19B7B9-F81D-4240-9740-2E0BCB03A124} = {CE9DBBA1-DC7F-46AC-8606-DE055C064864}
		{B5D3508C-211B-4549-B079-90EDDC83D4D2} = {CE9DBBA1-DC7F-46AC-8606-DE055C064864}
		{6C0F3B55-0A27-40B4-8184-EDA6EF19A113} = {CE9DBBA1-DC7F-46AC-8606-DE055C064864}
		{99DCCC5F-8E79-4573-81B3-92AFC23BDB6E} = {09C08F90-5D97-4ADA-AFD5-BE38F27145E9}
		{96624377-5D89-4BB7-81D4-8AFFEC806AC2} = {09C08F90-5D97-4ADA-AFD5-BE38F27145E9}
		{3B1ACAF2-2316-4AD5-9344-8EEAD5C1B24E} = {09C08F90-5D97-4ADA-AFD5-BE38F27145E9}
		{4532AF4E-9A1C-42D4-A7B5-25206B4DDC78} = {CE9DBBA1-DC7F-46AC-8606-DE055C064864}
		{B5160C15-C367-475A-94B5-E531895B2A28} = {CE9DBBA1-DC7F-46AC-8606-DE055C064864}
		{16DDB48F-48B1-4E52-98F9-314D7244F44F} = {09C08F90-5D97-4ADA-AFD5-BE38F27145E9}
		{082E15B3-EE16-4ED5-8A76-7AF49F357A14} = {4BEDA568-4EEA-4C92-9A89-32894FF4374A}
		{D900C87D-818D-492A-A7FF-CE37D086F018} = {D89F625F-1C89-456D-ACCF-D3E0EC5DA667}
		{CC525CDB-459B-48B6-B542-B2A096A8CFC5} = {65E625EC-7AB4-4F8C-B67C-89019B10F392}
		{27616805-6A61-4EB1-9737-D3CB354EC865} = {65E625EC-7AB4-4F8C-B67C-89019B10F392}
		{E8A43CE8-0B78-41DD-8BF6-A23DF98AA057} = {65E625EC-7AB4-4F8C-B67C-89019B10F392}
		{CC402965-D020-47A4-9639-FCDA0FC1A5FC} = {CE9DBBA1-DC7F-46AC-8606-DE055C064864}
		{F29BDEA9-6AF0-4ABD-96B4-40CA35B7B9F4} = {CE9DBBA1-DC7F-46AC-8606-DE055C064864}
		{1E86EBDE-5E44-4402-BD70-69FE08323716} = {F29BDEA9-6AF0-4ABD-96B4-40CA35B7B9F4}
		{4068398D-150C-4190-960D-B06C29E84741} = {F29BDEA9-6AF0-4ABD-96B4-40CA35B7B9F4}
		{403A47B4-355D-40B0-892F-E87AB4077537} = {4BEDA568-4EEA-4C92-9A89-32894FF4374A}
		{2119C2C1-9094-4BEB-B59B-FF743FEBEE59} = {CE9DBBA1-DC7F-46AC-8606-DE055C064864}
		{CED34033-8E08-4336-BCCA-2B8D070BBC65} = {D89F625F-1C89-456D-ACCF-D3E0EC5DA667}
		{83ECDB8E-1A73-46B8-998F-8493FEE16305} = {09C08F90-5D97-4ADA-AFD5-BE38F27145E9}
		{136CF6C1-B681-417C-8FE0-4F06831EDBD5} = {09C08F90-5D97-4ADA-AFD5-BE38F27145E9}
	EndGlobalSection
EndGlobal
