
Microsoft Visual Studio Solution File, Format Version 12.00
Project("{2150E333-8FDC-42A3-9474-1A3956D46DE8}") = "Core", "Core", "{CE9DBBA1-DC7F-46AC-8606-DE055C064864}"
EndProject
Project("{FAE04EC0-301F-11D3-BF4B-00C04F79EFBC}") = "Core.MongoDb", "Core\Core.MongoDb\Core.MongoDb.csproj", "{0F19B7B9-F81D-4240-9740-2E0BCB03A124}"
EndProject
Project("{FAE04EC0-301F-11D3-BF4B-00C04F79EFBC}") = "Core.RabbitMQ", "Core\Core.RabbitMQ\Core.RabbitMQ.csproj", "{0131A9B5-1F3C-4D64-AB41-307ACBB7C0AC}"
EndProject
Project("{FAE04EC0-301F-11D3-BF4B-00C04F79EFBC}") = "Core.Settings", "Core\Core.Settings\Core.Settings.csproj", "{B5D3508C-211B-4549-B079-90EDDC83D4D2}"
EndProject
Project("{FAE04EC0-301F-11D3-BF4B-00C04F79EFBC}") = "Core.SqlDb", "Core\Core.SqlDb\Core.SqlDb.csproj", "{6C0F3B55-0A27-40B4-8184-EDA6EF19A113}"
EndProject
Project("{2150E333-8FDC-42A3-9474-1A3956D46DE8}") = ".docker", ".docker", "{09C08F90-5D97-4ADA-AFD5-BE38F27145E9}"
EndProject
Project("{2150E333-8FDC-42A3-9474-1A3956D46DE8}") = "elastic", "elastic", "{99DCCC5F-8E79-4573-81B3-92AFC23BDB6E}"
	ProjectSection(SolutionItems) = preProject
		.docker\elastic\docker-compose.yml = .docker\elastic\docker-compose.yml
	EndProjectSection
EndProject
Project("{2150E333-8FDC-42A3-9474-1A3956D46DE8}") = "mongo", "mongo", "{96624377-5D89-4BB7-81D4-8AFFEC806AC2}"
	ProjectSection(SolutionItems) = preProject
		.docker\mongo\docker-compose.yml = .docker\mongo\docker-compose.yml
	EndProjectSection
EndProject
Project("{2150E333-8FDC-42A3-9474-1A3956D46DE8}") = "rabbitmq", "rabbitmq", "{3B1ACAF2-2316-4AD5-9344-8EEAD5C1B24E}"
	ProjectSection(SolutionItems) = preProject
		.docker\rabbitmq\docker-compose.yml = .docker\rabbitmq\docker-compose.yml
	EndProjectSection
EndProject
Project("{2150E333-8FDC-42A3-9474-1A3956D46DE8}") = "seq", "seq", "{16DDB48F-48B1-4E52-98F9-314D7244F44F}"
	ProjectSection(SolutionItems) = preProject
		.docker\seq\docker-compose.yml = .docker\seq\docker-compose.yml
	EndProjectSection
EndProject
Project("{FAE04EC0-301F-11D3-BF4B-00C04F79EFBC}") = "Core.Elastic", "Core\Core.Elastic\Core.Elastic.csproj", "{4532AF4E-9A1C-42D4-A7B5-25206B4DDC78}"
EndProject
Project("{FAE04EC0-301F-11D3-BF4B-00C04F79EFBC}") = "Core.Mapper", "Core\Core.Mapper\Core.Mapper.csproj", "{7AA37E7A-621F-4975-B122-3291325A4108}"
EndProject
Project("{FAE04EC0-301F-11D3-BF4B-00C04F79EFBC}") = "Identity.Server", "Identity.Server\Identity.Server.csproj", "{E720EE1E-2A7E-4FF5-80D3-1C639A3722CC}"
EndProject
Project("{2150E333-8FDC-42A3-9474-1A3956D46DE8}") = "Identity", "Identity", "{15286349-8D3F-4FD5-BDB1-1CD9AE22EF67}"
EndProject
Project("{FAE04EC0-301F-11D3-BF4B-00C04F79EFBC}") = "Identity.AppServices", "Identity\Identity.AppServices\Identity.AppServices.csproj", "{1FA57EC4-4005-4770-B453-D94DD68DDCC2}"
EndProject
Project("{FAE04EC0-301F-11D3-BF4B-00C04F79EFBC}") = "Identity.Contracts", "Identity\Identity.Contracts\Identity.Contracts.csproj", "{733D0902-C49B-46DF-BDE1-C4F6CEE20FBE}"
EndProject
Project("{2150E333-8FDC-42A3-9474-1A3956D46DE8}") = "Web", "Web", "{E6B86155-8803-4144-A345-700B040CA140}"
EndProject
Project("{FAE04EC0-301F-11D3-BF4B-00C04F79EFBC}") = "Web.BFF", "Web\Web.BFF\Web.BFF.csproj", "{144787CA-C399-4959-B978-F2B7212779BF}"
EndProject
Project("{FAE04EC0-301F-11D3-BF4B-00C04F79EFBC}") = "Core.Logging", "Core\Core.Logging\Core.Logging.csproj", "{B5160C15-C367-475A-94B5-E531895B2A28}"
EndProject
Project("{2150E333-8FDC-42A3-9474-1A3956D46DE8}") = "Recipes.Indexer", "Recipes.Indexer", "{4BEDA568-4EEA-4C92-9A89-32894FF4374A}"
EndProject
Project("{FAE04EC0-301F-11D3-BF4B-00C04F79EFBC}") = "Recipes.Indexer.Service", "Recipes.Indexer\Recipes.Indexer.Service\Recipes.Indexer.Service.csproj", "{74BBC56C-BDAF-4B83-86A5-444FE7B25AC5}"
EndProject
Project("{FAE04EC0-301F-11D3-BF4B-00C04F79EFBC}") = "Recipes.Indexer.Models", "Recipes.Indexer\Recipes.Indexer.Models\Recipes.Indexer.Models.csproj", "{082E15B3-EE16-4ED5-8A76-7AF49F357A14}"
EndProject
Project("{2150E333-8FDC-42A3-9474-1A3956D46DE8}") = "Recipes.Search", "Recipes.Search", "{D89F625F-1C89-456D-ACCF-D3E0EC5DA667}"
EndProject
Project("{FAE04EC0-301F-11D3-BF4B-00C04F79EFBC}") = "Recipes.Search.Api", "Recipes.Search\Recipes.Search.Api\Recipes.Search.Api.csproj", "{D900C87D-818D-492A-A7FF-CE37D086F018}"
EndProject
Project("{2150E333-8FDC-42A3-9474-1A3956D46DE8}") = "Recipes.API", "Recipes.API", "{65E625EC-7AB4-4F8C-B67C-89019B10F392}"
EndProject
Project("{FAE04EC0-301F-11D3-BF4B-00C04F79EFBC}") = "Recipes.API.App", "Recipes.API\Recipes.API.App\Recipes.API.App.csproj", "{CC525CDB-459B-48B6-B542-B2A096A8CFC5}"
EndProject
Project("{FAE04EC0-301F-11D3-BF4B-00C04F79EFBC}") = "Recipes.API.Models", "Recipes.API\Recipes.API.Models\Recipes.API.Models.csproj", "{27616805-6A61-4EB1-9737-D3CB354EC865}"
EndProject
Project("{FAE04EC0-301F-11D3-BF4B-00C04F79EFBC}") = "Recipes.API.Models.Shared", "Recipes.API\Recipes.API.Models.Shared\Recipes.API.Models.Shared.csproj", "{E8A43CE8-0B78-41DD-8BF6-A23DF98AA057}"
EndProject
Global
	GlobalSection(SolutionConfigurationPlatforms) = preSolution
		Debug|Any CPU = Debug|Any CPU
		Release|Any CPU = Release|Any CPU
	EndGlobalSection
	GlobalSection(ProjectConfigurationPlatforms) = postSolution
		{0F19B7B9-F81D-4240-9740-2E0BCB03A124}.Debug|Any CPU.ActiveCfg = Debug|Any CPU
		{0F19B7B9-F81D-4240-9740-2E0BCB03A124}.Debug|Any CPU.Build.0 = Debug|Any CPU
		{0F19B7B9-F81D-4240-9740-2E0BCB03A124}.Release|Any CPU.ActiveCfg = Release|Any CPU
		{0F19B7B9-F81D-4240-9740-2E0BCB03A124}.Release|Any CPU.Build.0 = Release|Any CPU
		{0131A9B5-1F3C-4D64-AB41-307ACBB7C0AC}.Debug|Any CPU.ActiveCfg = Debug|Any CPU
		{0131A9B5-1F3C-4D64-AB41-307ACBB7C0AC}.Debug|Any CPU.Build.0 = Debug|Any CPU
		{0131A9B5-1F3C-4D64-AB41-307ACBB7C0AC}.Release|Any CPU.ActiveCfg = Release|Any CPU
		{0131A9B5-1F3C-4D64-AB41-307ACBB7C0AC}.Release|Any CPU.Build.0 = Release|Any CPU
		{B5D3508C-211B-4549-B079-90EDDC83D4D2}.Debug|Any CPU.ActiveCfg = Debug|Any CPU
		{B5D3508C-211B-4549-B079-90EDDC83D4D2}.Debug|Any CPU.Build.0 = Debug|Any CPU
		{B5D3508C-211B-4549-B079-90EDDC83D4D2}.Release|Any CPU.ActiveCfg = Release|Any CPU
		{B5D3508C-211B-4549-B079-90EDDC83D4D2}.Release|Any CPU.Build.0 = Release|Any CPU
		{6C0F3B55-0A27-40B4-8184-EDA6EF19A113}.Debug|Any CPU.ActiveCfg = Debug|Any CPU
		{6C0F3B55-0A27-40B4-8184-EDA6EF19A113}.Debug|Any CPU.Build.0 = Debug|Any CPU
		{6C0F3B55-0A27-40B4-8184-EDA6EF19A113}.Release|Any CPU.ActiveCfg = Release|Any CPU
		{6C0F3B55-0A27-40B4-8184-EDA6EF19A113}.Release|Any CPU.Build.0 = Release|Any CPU
		{4532AF4E-9A1C-42D4-A7B5-25206B4DDC78}.Debug|Any CPU.ActiveCfg = Debug|Any CPU
		{4532AF4E-9A1C-42D4-A7B5-25206B4DDC78}.Debug|Any CPU.Build.0 = Debug|Any CPU
		{4532AF4E-9A1C-42D4-A7B5-25206B4DDC78}.Release|Any CPU.ActiveCfg = Release|Any CPU
		{4532AF4E-9A1C-42D4-A7B5-25206B4DDC78}.Release|Any CPU.Build.0 = Release|Any CPU
		{7AA37E7A-621F-4975-B122-3291325A4108}.Debug|Any CPU.ActiveCfg = Debug|Any CPU
		{7AA37E7A-621F-4975-B122-3291325A4108}.Debug|Any CPU.Build.0 = Debug|Any CPU
		{7AA37E7A-621F-4975-B122-3291325A4108}.Release|Any CPU.ActiveCfg = Release|Any CPU
		{7AA37E7A-621F-4975-B122-3291325A4108}.Release|Any CPU.Build.0 = Release|Any CPU
		{E720EE1E-2A7E-4FF5-80D3-1C639A3722CC}.Debug|Any CPU.ActiveCfg = Debug|Any CPU
		{E720EE1E-2A7E-4FF5-80D3-1C639A3722CC}.Debug|Any CPU.Build.0 = Debug|Any CPU
		{E720EE1E-2A7E-4FF5-80D3-1C639A3722CC}.Release|Any CPU.ActiveCfg = Release|Any CPU
		{E720EE1E-2A7E-4FF5-80D3-1C639A3722CC}.Release|Any CPU.Build.0 = Release|Any CPU
		{1FA57EC4-4005-4770-B453-D94DD68DDCC2}.Debug|Any CPU.ActiveCfg = Debug|Any CPU
		{1FA57EC4-4005-4770-B453-D94DD68DDCC2}.Debug|Any CPU.Build.0 = Debug|Any CPU
		{1FA57EC4-4005-4770-B453-D94DD68DDCC2}.Release|Any CPU.ActiveCfg = Release|Any CPU
		{1FA57EC4-4005-4770-B453-D94DD68DDCC2}.Release|Any CPU.Build.0 = Release|Any CPU
		{733D0902-C49B-46DF-BDE1-C4F6CEE20FBE}.Debug|Any CPU.ActiveCfg = Debug|Any CPU
		{733D0902-C49B-46DF-BDE1-C4F6CEE20FBE}.Debug|Any CPU.Build.0 = Debug|Any CPU
		{733D0902-C49B-46DF-BDE1-C4F6CEE20FBE}.Release|Any CPU.ActiveCfg = Release|Any CPU
		{733D0902-C49B-46DF-BDE1-C4F6CEE20FBE}.Release|Any CPU.Build.0 = Release|Any CPU
		{144787CA-C399-4959-B978-F2B7212779BF}.Debug|Any CPU.ActiveCfg = Debug|Any CPU
		{144787CA-C399-4959-B978-F2B7212779BF}.Debug|Any CPU.Build.0 = Debug|Any CPU
		{144787CA-C399-4959-B978-F2B7212779BF}.Release|Any CPU.ActiveCfg = Release|Any CPU
		{144787CA-C399-4959-B978-F2B7212779BF}.Release|Any CPU.Build.0 = Release|Any CPU
		{B5160C15-C367-475A-94B5-E531895B2A28}.Debug|Any CPU.ActiveCfg = Debug|Any CPU
		{B5160C15-C367-475A-94B5-E531895B2A28}.Debug|Any CPU.Build.0 = Debug|Any CPU
		{B5160C15-C367-475A-94B5-E531895B2A28}.Release|Any CPU.ActiveCfg = Release|Any CPU
		{B5160C15-C367-475A-94B5-E531895B2A28}.Release|Any CPU.Build.0 = Release|Any CPU
		{74BBC56C-BDAF-4B83-86A5-444FE7B25AC5}.Debug|Any CPU.ActiveCfg = Debug|Any CPU
		{74BBC56C-BDAF-4B83-86A5-444FE7B25AC5}.Debug|Any CPU.Build.0 = Debug|Any CPU
		{74BBC56C-BDAF-4B83-86A5-444FE7B25AC5}.Release|Any CPU.ActiveCfg = Release|Any CPU
		{74BBC56C-BDAF-4B83-86A5-444FE7B25AC5}.Release|Any CPU.Build.0 = Release|Any CPU
		{082E15B3-EE16-4ED5-8A76-7AF49F357A14}.Debug|Any CPU.ActiveCfg = Debug|Any CPU
		{082E15B3-EE16-4ED5-8A76-7AF49F357A14}.Debug|Any CPU.Build.0 = Debug|Any CPU
		{082E15B3-EE16-4ED5-8A76-7AF49F357A14}.Release|Any CPU.ActiveCfg = Release|Any CPU
		{082E15B3-EE16-4ED5-8A76-7AF49F357A14}.Release|Any CPU.Build.0 = Release|Any CPU
		{D900C87D-818D-492A-A7FF-CE37D086F018}.Debug|Any CPU.ActiveCfg = Debug|Any CPU
		{D900C87D-818D-492A-A7FF-CE37D086F018}.Debug|Any CPU.Build.0 = Debug|Any CPU
		{D900C87D-818D-492A-A7FF-CE37D086F018}.Release|Any CPU.ActiveCfg = Release|Any CPU
		{D900C87D-818D-492A-A7FF-CE37D086F018}.Release|Any CPU.Build.0 = Release|Any CPU
		{CC525CDB-459B-48B6-B542-B2A096A8CFC5}.Debug|Any CPU.ActiveCfg = Debug|Any CPU
		{CC525CDB-459B-48B6-B542-B2A096A8CFC5}.Debug|Any CPU.Build.0 = Debug|Any CPU
		{CC525CDB-459B-48B6-B542-B2A096A8CFC5}.Release|Any CPU.ActiveCfg = Release|Any CPU
		{CC525CDB-459B-48B6-B542-B2A096A8CFC5}.Release|Any CPU.Build.0 = Release|Any CPU
		{27616805-6A61-4EB1-9737-D3CB354EC865}.Debug|Any CPU.ActiveCfg = Debug|Any CPU
		{27616805-6A61-4EB1-9737-D3CB354EC865}.Debug|Any CPU.Build.0 = Debug|Any CPU
		{27616805-6A61-4EB1-9737-D3CB354EC865}.Release|Any CPU.ActiveCfg = Release|Any CPU
		{27616805-6A61-4EB1-9737-D3CB354EC865}.Release|Any CPU.Build.0 = Release|Any CPU
		{E8A43CE8-0B78-41DD-8BF6-A23DF98AA057}.Debug|Any CPU.ActiveCfg = Debug|Any CPU
		{E8A43CE8-0B78-41DD-8BF6-A23DF98AA057}.Debug|Any CPU.Build.0 = Debug|Any CPU
		{E8A43CE8-0B78-41DD-8BF6-A23DF98AA057}.Release|Any CPU.ActiveCfg = Release|Any CPU
		{E8A43CE8-0B78-41DD-8BF6-A23DF98AA057}.Release|Any CPU.Build.0 = Release|Any CPU
	EndGlobalSection
	GlobalSection(NestedProjects) = preSolution
		{0F19B7B9-F81D-4240-9740-2E0BCB03A124} = {CE9DBBA1-DC7F-46AC-8606-DE055C064864}
		{0131A9B5-1F3C-4D64-AB41-307ACBB7C0AC} = {CE9DBBA1-DC7F-46AC-8606-DE055C064864}
		{B5D3508C-211B-4549-B079-90EDDC83D4D2} = {CE9DBBA1-DC7F-46AC-8606-DE055C064864}
		{6C0F3B55-0A27-40B4-8184-EDA6EF19A113} = {CE9DBBA1-DC7F-46AC-8606-DE055C064864}
		{99DCCC5F-8E79-4573-81B3-92AFC23BDB6E} = {09C08F90-5D97-4ADA-AFD5-BE38F27145E9}
		{96624377-5D89-4BB7-81D4-8AFFEC806AC2} = {09C08F90-5D97-4ADA-AFD5-BE38F27145E9}
		{3B1ACAF2-2316-4AD5-9344-8EEAD5C1B24E} = {09C08F90-5D97-4ADA-AFD5-BE38F27145E9}
		{4532AF4E-9A1C-42D4-A7B5-25206B4DDC78} = {CE9DBBA1-DC7F-46AC-8606-DE055C064864}
		{7AA37E7A-621F-4975-B122-3291325A4108} = {CE9DBBA1-DC7F-46AC-8606-DE055C064864}
		{1FA57EC4-4005-4770-B453-D94DD68DDCC2} = {15286349-8D3F-4FD5-BDB1-1CD9AE22EF67}
		{E720EE1E-2A7E-4FF5-80D3-1C639A3722CC} = {15286349-8D3F-4FD5-BDB1-1CD9AE22EF67}
		{733D0902-C49B-46DF-BDE1-C4F6CEE20FBE} = {15286349-8D3F-4FD5-BDB1-1CD9AE22EF67}
		{144787CA-C399-4959-B978-F2B7212779BF} = {E6B86155-8803-4144-A345-700B040CA140}
		{B5160C15-C367-475A-94B5-E531895B2A28} = {CE9DBBA1-DC7F-46AC-8606-DE055C064864}
		{16DDB48F-48B1-4E52-98F9-314D7244F44F} = {09C08F90-5D97-4ADA-AFD5-BE38F27145E9}
		{74BBC56C-BDAF-4B83-86A5-444FE7B25AC5} = {4BEDA568-4EEA-4C92-9A89-32894FF4374A}
		{082E15B3-EE16-4ED5-8A76-7AF49F357A14} = {4BEDA568-4EEA-4C92-9A89-32894FF4374A}
		{D900C87D-818D-492A-A7FF-CE37D086F018} = {D89F625F-1C89-456D-ACCF-D3E0EC5DA667}
		{CC525CDB-459B-48B6-B542-B2A096A8CFC5} = {65E625EC-7AB4-4F8C-B67C-89019B10F392}
		{27616805-6A61-4EB1-9737-D3CB354EC865} = {65E625EC-7AB4-4F8C-B67C-89019B10F392}
		{E8A43CE8-0B78-41DD-8BF6-A23DF98AA057} = {65E625EC-7AB4-4F8C-B67C-89019B10F392}
	EndGlobalSection
EndGlobal
